
Microsoft Visual Studio Solution File, Format Version 12.00
# Visual Studio 15
VisualStudioVersion = 15.0.28307.1062
MinimumVisualStudioVersion = 10.0.40219.1
Project("{FAE04EC0-301F-11D3-BF4B-00C04F79EFBC}") = "L_2_student_task_9", "L_2_student_task_9\L_2_student_task_9.csproj", "{E0AC64C3-B0BA-4489-9A65-FA1AEC773EEB}"
EndProject
Global
	GlobalSection(SolutionConfigurationPlatforms) = preSolution
		Debug|Any CPU = Debug|Any CPU
		Release|Any CPU = Release|Any CPU
	EndGlobalSection
	GlobalSection(ProjectConfigurationPlatforms) = postSolution
		{E0AC64C3-B0BA-4489-9A65-FA1AEC773EEB}.Debug|Any CPU.ActiveCfg = Debug|Any CPU
		{E0AC64C3-B0BA-4489-9A65-FA1AEC773EEB}.Debug|Any CPU.Build.0 = Debug|Any CPU
		{E0AC64C3-B0BA-4489-9A65-FA1AEC773EEB}.Release|Any CPU.ActiveCfg = Release|Any CPU
		{E0AC64C3-B0BA-4489-9A65-FA1AEC773EEB}.Release|Any CPU.Build.0 = Release|Any CPU
	EndGlobalSection
	GlobalSection(SolutionProperties) = preSolution
		HideSolutionNode = FALSE
	EndGlobalSection
	GlobalSection(ExtensibilityGlobals) = postSolution
		SolutionGuid = {39BF1C46-67F2-4554-BD4A-D49E9170C40E}
	EndGlobalSection
EndGlobal
